# THIS IS AN AUTOGENERATED FILE. DO NOT EDIT THIS FILE DIRECTLY.
# yarn lockfile v1


"@opentelemetry/api@^1.7.0":
  version "1.7.0"
  resolved "https://registry.yarnpkg.com/@opentelemetry/api/-/api-1.7.0.tgz#b139c81999c23e3c8d3c0a7234480e945920fc40"
  integrity sha512-AdY5wvN0P2vXBi3b29hxZgSFvdhdxPB9+f0B6s//P9Q8nibRWeA3cHm8UmLpio9ABigkVHJ5NMPk+Mz8VCCyrw==
